// !$*UTF8*$!
{
	archiveVersion = 1;
	classes = {
	};
	objectVersion = 55;
	objects = {

/* Begin PBXBuildFile section */
		376B64AC28659D37006B1447 /* NotesListViewModel.swift in Sources */ = {isa = PBXBuildFile; fileRef = 376B64AB28659D37006B1447 /* NotesListViewModel.swift */; };
		376ECAFB286852C500D760FD /* NoteViewModel.swift in Sources */ = {isa = PBXBuildFile; fileRef = 376ECAFA286852C500D760FD /* NoteViewModel.swift */; };
		3774E24D2866DBB700B4E564 /* NoteViewController.swift in Sources */ = {isa = PBXBuildFile; fileRef = 3774E24C2866DBB700B4E564 /* NoteViewController.swift */; };
		378294D22864AB2800F55904 /* NotesListCell.swift in Sources */ = {isa = PBXBuildFile; fileRef = 378294D12864AB2800F55904 /* NotesListCell.swift */; };
		379C1FC928647BB200E8CF37 /* AppDelegate.swift in Sources */ = {isa = PBXBuildFile; fileRef = 379C1FC828647BB200E8CF37 /* AppDelegate.swift */; };
		379C1FCD28647BB200E8CF37 /* NotesListViewController.swift in Sources */ = {isa = PBXBuildFile; fileRef = 379C1FCC28647BB200E8CF37 /* NotesListViewController.swift */; };
		379C1FD028647BB200E8CF37 /* Main.storyboard in Resources */ = {isa = PBXBuildFile; fileRef = 379C1FCE28647BB200E8CF37 /* Main.storyboard */; };
		379C1FD328647BB200E8CF37 /* TakeNote.xcdatamodeld in Sources */ = {isa = PBXBuildFile; fileRef = 379C1FD128647BB200E8CF37 /* TakeNote.xcdatamodeld */; };
		379C1FD528647BB400E8CF37 /* Assets.xcassets in Resources */ = {isa = PBXBuildFile; fileRef = 379C1FD428647BB400E8CF37 /* Assets.xcassets */; };
		379C1FD828647BB400E8CF37 /* LaunchScreen.storyboard in Resources */ = {isa = PBXBuildFile; fileRef = 379C1FD628647BB400E8CF37 /* LaunchScreen.storyboard */; };
		379C1FE328647BB400E8CF37 /* TakeNoteTests.swift in Sources */ = {isa = PBXBuildFile; fileRef = 379C1FE228647BB400E8CF37 /* TakeNoteTests.swift */; };
		379C1FED28647BB400E8CF37 /* TakeNoteUITests.swift in Sources */ = {isa = PBXBuildFile; fileRef = 379C1FEC28647BB400E8CF37 /* TakeNoteUITests.swift */; };
		379C1FEF28647BB400E8CF37 /* TakeNoteUITestsLaunchTests.swift in Sources */ = {isa = PBXBuildFile; fileRef = 379C1FEE28647BB400E8CF37 /* TakeNoteUITestsLaunchTests.swift */; };
/* End PBXBuildFile section */

/* Begin PBXContainerItemProxy section */
		379C1FDF28647BB400E8CF37 /* PBXContainerItemProxy */ = {
			isa = PBXContainerItemProxy;
			containerPortal = 379C1FBD28647BB200E8CF37 /* Project object */;
			proxyType = 1;
			remoteGlobalIDString = 379C1FC428647BB200E8CF37;
			remoteInfo = TakeNote;
		};
		379C1FE928647BB400E8CF37 /* PBXContainerItemProxy */ = {
			isa = PBXContainerItemProxy;
			containerPortal = 379C1FBD28647BB200E8CF37 /* Project object */;
			proxyType = 1;
			remoteGlobalIDString = 379C1FC428647BB200E8CF37;
			remoteInfo = TakeNote;
		};
/* End PBXContainerItemProxy section */

/* Begin PBXFileReference section */
		376B64AB28659D37006B1447 /* NotesListViewModel.swift */ = {isa = PBXFileReference; lastKnownFileType = sourcecode.swift; path = NotesListViewModel.swift; sourceTree = "<group>"; };
		376ECAFA286852C500D760FD /* NoteViewModel.swift */ = {isa = PBXFileReference; lastKnownFileType = sourcecode.swift; path = NoteViewModel.swift; sourceTree = "<group>"; };
		3774E24C2866DBB700B4E564 /* NoteViewController.swift */ = {isa = PBXFileReference; lastKnownFileType = sourcecode.swift; path = NoteViewController.swift; sourceTree = "<group>"; };
		378294D12864AB2800F55904 /* NotesListCell.swift */ = {isa = PBXFileReference; lastKnownFileType = sourcecode.swift; path = NotesListCell.swift; sourceTree = "<group>"; };
		379C1FC528647BB200E8CF37 /* TakeNote.app */ = {isa = PBXFileReference; explicitFileType = wrapper.application; includeInIndex = 0; path = TakeNote.app; sourceTree = BUILT_PRODUCTS_DIR; };
		379C1FC828647BB200E8CF37 /* AppDelegate.swift */ = {isa = PBXFileReference; lastKnownFileType = sourcecode.swift; path = AppDelegate.swift; sourceTree = "<group>"; };
		379C1FCC28647BB200E8CF37 /* NotesListViewController.swift */ = {isa = PBXFileReference; lastKnownFileType = sourcecode.swift; path = NotesListViewController.swift; sourceTree = "<group>"; };
		379C1FCF28647BB200E8CF37 /* Base */ = {isa = PBXFileReference; lastKnownFileType = file.storyboard; name = Base; path = Base.lproj/Main.storyboard; sourceTree = "<group>"; };
		379C1FD228647BB200E8CF37 /* TakeNote.xcdatamodel */ = {isa = PBXFileReference; lastKnownFileType = wrapper.xcdatamodel; path = TakeNote.xcdatamodel; sourceTree = "<group>"; };
		379C1FD428647BB400E8CF37 /* Assets.xcassets */ = {isa = PBXFileReference; lastKnownFileType = folder.assetcatalog; path = Assets.xcassets; sourceTree = "<group>"; };
		379C1FD728647BB400E8CF37 /* Base */ = {isa = PBXFileReference; lastKnownFileType = file.storyboard; name = Base; path = Base.lproj/LaunchScreen.storyboard; sourceTree = "<group>"; };
		379C1FD928647BB400E8CF37 /* Info.plist */ = {isa = PBXFileReference; lastKnownFileType = text.plist.xml; path = Info.plist; sourceTree = "<group>"; };
		379C1FDE28647BB400E8CF37 /* TakeNoteTests.xctest */ = {isa = PBXFileReference; explicitFileType = wrapper.cfbundle; includeInIndex = 0; path = TakeNoteTests.xctest; sourceTree = BUILT_PRODUCTS_DIR; };
		379C1FE228647BB400E8CF37 /* TakeNoteTests.swift */ = {isa = PBXFileReference; lastKnownFileType = sourcecode.swift; path = TakeNoteTests.swift; sourceTree = "<group>"; };
		379C1FE828647BB400E8CF37 /* TakeNoteUITests.xctest */ = {isa = PBXFileReference; explicitFileType = wrapper.cfbundle; includeInIndex = 0; path = TakeNoteUITests.xctest; sourceTree = BUILT_PRODUCTS_DIR; };
		379C1FEC28647BB400E8CF37 /* TakeNoteUITests.swift */ = {isa = PBXFileReference; lastKnownFileType = sourcecode.swift; path = TakeNoteUITests.swift; sourceTree = "<group>"; };
		379C1FEE28647BB400E8CF37 /* TakeNoteUITestsLaunchTests.swift */ = {isa = PBXFileReference; lastKnownFileType = sourcecode.swift; path = TakeNoteUITestsLaunchTests.swift; sourceTree = "<group>"; };
/* End PBXFileReference section */

/* Begin PBXFrameworksBuildPhase section */
		379C1FC228647BB200E8CF37 /* Frameworks */ = {
			isa = PBXFrameworksBuildPhase;
			buildActionMask = 2147483647;
			files = (
			);
			runOnlyForDeploymentPostprocessing = 0;
		};
		379C1FDB28647BB400E8CF37 /* Frameworks */ = {
			isa = PBXFrameworksBuildPhase;
			buildActionMask = 2147483647;
			files = (
			);
			runOnlyForDeploymentPostprocessing = 0;
		};
		379C1FE528647BB400E8CF37 /* Frameworks */ = {
			isa = PBXFrameworksBuildPhase;
			buildActionMask = 2147483647;
			files = (
			);
			runOnlyForDeploymentPostprocessing = 0;
		};
/* End PBXFrameworksBuildPhase section */

/* Begin PBXGroup section */
		378294D32864AC6900F55904 /* Note List */ = {
			isa = PBXGroup;
			children = (
				379C1FCC28647BB200E8CF37 /* NotesListViewController.swift */,
				376B64AB28659D37006B1447 /* NotesListViewModel.swift */,
				378294D12864AB2800F55904 /* NotesListCell.swift */,
			);
			path = "Note List";
			sourceTree = "<group>";
		};
		379C1FBC28647BB200E8CF37 = {
			isa = PBXGroup;
			children = (
				379C1FC728647BB200E8CF37 /* TakeNote */,
				379C1FE128647BB400E8CF37 /* TakeNoteTests */,
				379C1FEB28647BB400E8CF37 /* TakeNoteUITests */,
				379C1FC628647BB200E8CF37 /* Products */,
			);
			sourceTree = "<group>";
		};
		379C1FC628647BB200E8CF37 /* Products */ = {
			isa = PBXGroup;
			children = (
				379C1FC528647BB200E8CF37 /* TakeNote.app */,
				379C1FDE28647BB400E8CF37 /* TakeNoteTests.xctest */,
				379C1FE828647BB400E8CF37 /* TakeNoteUITests.xctest */,
			);
			name = Products;
			sourceTree = "<group>";
		};
		379C1FC728647BB200E8CF37 /* TakeNote */ = {
			isa = PBXGroup;
			children = (
				379C1FC828647BB200E8CF37 /* AppDelegate.swift */,
				378294D32864AC6900F55904 /* Note List */,
				3774E24C2866DBB700B4E564 /* NoteViewController.swift */,
				376ECAFA286852C500D760FD /* NoteViewModel.swift */,
				379C1FCE28647BB200E8CF37 /* Main.storyboard */,
				379C1FD428647BB400E8CF37 /* Assets.xcassets */,
				379C1FD628647BB400E8CF37 /* LaunchScreen.storyboard */,
				379C1FD928647BB400E8CF37 /* Info.plist */,
				379C1FD128647BB200E8CF37 /* TakeNote.xcdatamodeld */,
			);
			path = TakeNote;
			sourceTree = "<group>";
		};
		379C1FE128647BB400E8CF37 /* TakeNoteTests */ = {
			isa = PBXGroup;
			children = (
				379C1FE228647BB400E8CF37 /* TakeNoteTests.swift */,
			);
			path = TakeNoteTests;
			sourceTree = "<group>";
		};
		379C1FEB28647BB400E8CF37 /* TakeNoteUITests */ = {
			isa = PBXGroup;
			children = (
				379C1FEC28647BB400E8CF37 /* TakeNoteUITests.swift */,
				379C1FEE28647BB400E8CF37 /* TakeNoteUITestsLaunchTests.swift */,
			);
			path = TakeNoteUITests;
			sourceTree = "<group>";
		};
/* End PBXGroup section */

/* Begin PBXNativeTarget section */
		379C1FC428647BB200E8CF37 /* TakeNote */ = {
			isa = PBXNativeTarget;
			buildConfigurationList = 379C1FF228647BB400E8CF37 /* Build configuration list for PBXNativeTarget "TakeNote" */;
			buildPhases = (
				379C1FC128647BB200E8CF37 /* Sources */,
				379C1FC228647BB200E8CF37 /* Frameworks */,
				379C1FC328647BB200E8CF37 /* Resources */,
			);
			buildRules = (
			);
			dependencies = (
			);
			name = TakeNote;
			productName = TakeNote;
			productReference = 379C1FC528647BB200E8CF37 /* TakeNote.app */;
			productType = "com.apple.product-type.application";
		};
		379C1FDD28647BB400E8CF37 /* TakeNoteTests */ = {
			isa = PBXNativeTarget;
			buildConfigurationList = 379C1FF528647BB400E8CF37 /* Build configuration list for PBXNativeTarget "TakeNoteTests" */;
			buildPhases = (
				379C1FDA28647BB400E8CF37 /* Sources */,
				379C1FDB28647BB400E8CF37 /* Frameworks */,
				379C1FDC28647BB400E8CF37 /* Resources */,
			);
			buildRules = (
			);
			dependencies = (
				379C1FE028647BB400E8CF37 /* PBXTargetDependency */,
			);
			name = TakeNoteTests;
			productName = TakeNoteTests;
			productReference = 379C1FDE28647BB400E8CF37 /* TakeNoteTests.xctest */;
			productType = "com.apple.product-type.bundle.unit-test";
		};
		379C1FE728647BB400E8CF37 /* TakeNoteUITests */ = {
			isa = PBXNativeTarget;
			buildConfigurationList = 379C1FF828647BB400E8CF37 /* Build configuration list for PBXNativeTarget "TakeNoteUITests" */;
			buildPhases = (
				379C1FE428647BB400E8CF37 /* Sources */,
				379C1FE528647BB400E8CF37 /* Frameworks */,
				379C1FE628647BB400E8CF37 /* Resources */,
			);
			buildRules = (
			);
			dependencies = (
				379C1FEA28647BB400E8CF37 /* PBXTargetDependency */,
			);
			name = TakeNoteUITests;
			productName = TakeNoteUITests;
			productReference = 379C1FE828647BB400E8CF37 /* TakeNoteUITests.xctest */;
			productType = "com.apple.product-type.bundle.ui-testing";
		};
/* End PBXNativeTarget section */

/* Begin PBXProject section */
		379C1FBD28647BB200E8CF37 /* Project object */ = {
			isa = PBXProject;
			attributes = {
				BuildIndependentTargetsInParallel = 1;
				LastSwiftUpdateCheck = 1320;
				LastUpgradeCheck = 1320;
				TargetAttributes = {
					379C1FC428647BB200E8CF37 = {
						CreatedOnToolsVersion = 13.2.1;
					};
					379C1FDD28647BB400E8CF37 = {
						CreatedOnToolsVersion = 13.2.1;
						TestTargetID = 379C1FC428647BB200E8CF37;
					};
					379C1FE728647BB400E8CF37 = {
						CreatedOnToolsVersion = 13.2.1;
						TestTargetID = 379C1FC428647BB200E8CF37;
					};
				};
			};
			buildConfigurationList = 379C1FC028647BB200E8CF37 /* Build configuration list for PBXProject "TakeNote" */;
			compatibilityVersion = "Xcode 13.0";
			developmentRegion = en;
			hasScannedForEncodings = 0;
			knownRegions = (
				en,
				Base,
			);
			mainGroup = 379C1FBC28647BB200E8CF37;
			productRefGroup = 379C1FC628647BB200E8CF37 /* Products */;
			projectDirPath = "";
			projectRoot = "";
			targets = (
				379C1FC428647BB200E8CF37 /* TakeNote */,
				379C1FDD28647BB400E8CF37 /* TakeNoteTests */,
				379C1FE728647BB400E8CF37 /* TakeNoteUITests */,
			);
		};
/* End PBXProject section */

/* Begin PBXResourcesBuildPhase section */
		379C1FC328647BB200E8CF37 /* Resources */ = {
			isa = PBXResourcesBuildPhase;
			buildActionMask = 2147483647;
			files = (
				379C1FD828647BB400E8CF37 /* LaunchScreen.storyboard in Resources */,
				379C1FD528647BB400E8CF37 /* Assets.xcassets in Resources */,
				379C1FD028647BB200E8CF37 /* Main.storyboard in Resources */,
			);
			runOnlyForDeploymentPostprocessing = 0;
		};
		379C1FDC28647BB400E8CF37 /* Resources */ = {
			isa = PBXResourcesBuildPhase;
			buildActionMask = 2147483647;
			files = (
			);
			runOnlyForDeploymentPostprocessing = 0;
		};
		379C1FE628647BB400E8CF37 /* Resources */ = {
			isa = PBXResourcesBuildPhase;
			buildActionMask = 2147483647;
			files = (
			);
			runOnlyForDeploymentPostprocessing = 0;
		};
/* End PBXResourcesBuildPhase section */

/* Begin PBXSourcesBuildPhase section */
		379C1FC128647BB200E8CF37 /* Sources */ = {
			isa = PBXSourcesBuildPhase;
			buildActionMask = 2147483647;
			files = (
				376ECAFB286852C500D760FD /* NoteViewModel.swift in Sources */,
				376B64AC28659D37006B1447 /* NotesListViewModel.swift in Sources */,
				379C1FD328647BB200E8CF37 /* TakeNote.xcdatamodeld in Sources */,
				378294D22864AB2800F55904 /* NotesListCell.swift in Sources */,
				379C1FCD28647BB200E8CF37 /* NotesListViewController.swift in Sources */,
				3774E24D2866DBB700B4E564 /* NoteViewController.swift in Sources */,
				379C1FC928647BB200E8CF37 /* AppDelegate.swift in Sources */,
			);
			runOnlyForDeploymentPostprocessing = 0;
		};
		379C1FDA28647BB400E8CF37 /* Sources */ = {
			isa = PBXSourcesBuildPhase;
			buildActionMask = 2147483647;
			files = (
				379C1FE328647BB400E8CF37 /* TakeNoteTests.swift in Sources */,
			);
			runOnlyForDeploymentPostprocessing = 0;
		};
		379C1FE428647BB400E8CF37 /* Sources */ = {
			isa = PBXSourcesBuildPhase;
			buildActionMask = 2147483647;
			files = (
				379C1FEF28647BB400E8CF37 /* TakeNoteUITestsLaunchTests.swift in Sources */,
				379C1FED28647BB400E8CF37 /* TakeNoteUITests.swift in Sources */,
			);
			runOnlyForDeploymentPostprocessing = 0;
		};
/* End PBXSourcesBuildPhase section */

/* Begin PBXTargetDependency section */
		379C1FE028647BB400E8CF37 /* PBXTargetDependency */ = {
			isa = PBXTargetDependency;
			target = 379C1FC428647BB200E8CF37 /* TakeNote */;
			targetProxy = 379C1FDF28647BB400E8CF37 /* PBXContainerItemProxy */;
		};
		379C1FEA28647BB400E8CF37 /* PBXTargetDependency */ = {
			isa = PBXTargetDependency;
			target = 379C1FC428647BB200E8CF37 /* TakeNote */;
			targetProxy = 379C1FE928647BB400E8CF37 /* PBXContainerItemProxy */;
		};
/* End PBXTargetDependency section */

/* Begin PBXVariantGroup section */
		379C1FCE28647BB200E8CF37 /* Main.storyboard */ = {
			isa = PBXVariantGroup;
			children = (
				379C1FCF28647BB200E8CF37 /* Base */,
			);
			name = Main.storyboard;
			sourceTree = "<group>";
		};
		379C1FD628647BB400E8CF37 /* LaunchScreen.storyboard */ = {
			isa = PBXVariantGroup;
			children = (
				379C1FD728647BB400E8CF37 /* Base */,
			);
			name = LaunchScreen.storyboard;
			sourceTree = "<group>";
		};
/* End PBXVariantGroup section */

/* Begin XCBuildConfiguration section */
		379C1FF028647BB400E8CF37 /* Debug */ = {
			isa = XCBuildConfiguration;
			buildSettings = {
				ALWAYS_SEARCH_USER_PATHS = NO;
				CLANG_ANALYZER_NONNULL = YES;
				CLANG_ANALYZER_NUMBER_OBJECT_CONVERSION = YES_AGGRESSIVE;
				CLANG_CXX_LANGUAGE_STANDARD = "gnu++17";
				CLANG_CXX_LIBRARY = "libc++";
				CLANG_ENABLE_MODULES = YES;
				CLANG_ENABLE_OBJC_ARC = YES;
				CLANG_ENABLE_OBJC_WEAK = YES;
				CLANG_WARN_BLOCK_CAPTURE_AUTORELEASING = YES;
				CLANG_WARN_BOOL_CONVERSION = YES;
				CLANG_WARN_COMMA = YES;
				CLANG_WARN_CONSTANT_CONVERSION = YES;
				CLANG_WARN_DEPRECATED_OBJC_IMPLEMENTATIONS = YES;
				CLANG_WARN_DIRECT_OBJC_ISA_USAGE = YES_ERROR;
				CLANG_WARN_DOCUMENTATION_COMMENTS = YES;
				CLANG_WARN_EMPTY_BODY = YES;
				CLANG_WARN_ENUM_CONVERSION = YES;
				CLANG_WARN_INFINITE_RECURSION = YES;
				CLANG_WARN_INT_CONVERSION = YES;
				CLANG_WARN_NON_LITERAL_NULL_CONVERSION = YES;
				CLANG_WARN_OBJC_IMPLICIT_RETAIN_SELF = YES;
				CLANG_WARN_OBJC_LITERAL_CONVERSION = YES;
				CLANG_WARN_OBJC_ROOT_CLASS = YES_ERROR;
				CLANG_WARN_QUOTED_INCLUDE_IN_FRAMEWORK_HEADER = YES;
				CLANG_WARN_RANGE_LOOP_ANALYSIS = YES;
				CLANG_WARN_STRICT_PROTOTYPES = YES;
				CLANG_WARN_SUSPICIOUS_MOVE = YES;
				CLANG_WARN_UNGUARDED_AVAILABILITY = YES_AGGRESSIVE;
				CLANG_WARN_UNREACHABLE_CODE = YES;
				CLANG_WARN__DUPLICATE_METHOD_MATCH = YES;
				COPY_PHASE_STRIP = NO;
				DEBUG_INFORMATION_FORMAT = dwarf;
				ENABLE_STRICT_OBJC_MSGSEND = YES;
				ENABLE_TESTABILITY = YES;
				GCC_C_LANGUAGE_STANDARD = gnu11;
				GCC_DYNAMIC_NO_PIC = NO;
				GCC_NO_COMMON_BLOCKS = YES;
				GCC_OPTIMIZATION_LEVEL = 0;
				GCC_PREPROCESSOR_DEFINITIONS = (
					"DEBUG=1",
					"$(inherited)",
				);
				GCC_WARN_64_TO_32_BIT_CONVERSION = YES;
				GCC_WARN_ABOUT_RETURN_TYPE = YES_ERROR;
				GCC_WARN_UNDECLARED_SELECTOR = YES;
				GCC_WARN_UNINITIALIZED_AUTOS = YES_AGGRESSIVE;
				GCC_WARN_UNUSED_FUNCTION = YES;
				GCC_WARN_UNUSED_VARIABLE = YES;
				IPHONEOS_DEPLOYMENT_TARGET = 15.2;
				MTL_ENABLE_DEBUG_INFO = INCLUDE_SOURCE;
				MTL_FAST_MATH = YES;
				ONLY_ACTIVE_ARCH = YES;
				SDKROOT = iphoneos;
				SWIFT_ACTIVE_COMPILATION_CONDITIONS = DEBUG;
				SWIFT_OPTIMIZATION_LEVEL = "-Onone";
			};
			name = Debug;
		};
		379C1FF128647BB400E8CF37 /* Release */ = {
			isa = XCBuildConfiguration;
			buildSettings = {
				ALWAYS_SEARCH_USER_PATHS = NO;
				CLANG_ANALYZER_NONNULL = YES;
				CLANG_ANALYZER_NUMBER_OBJECT_CONVERSION = YES_AGGRESSIVE;
				CLANG_CXX_LANGUAGE_STANDARD = "gnu++17";
				CLANG_CXX_LIBRARY = "libc++";
				CLANG_ENABLE_MODULES = YES;
				CLANG_ENABLE_OBJC_ARC = YES;
				CLANG_ENABLE_OBJC_WEAK = YES;
				CLANG_WARN_BLOCK_CAPTURE_AUTORELEASING = YES;
				CLANG_WARN_BOOL_CONVERSION = YES;
				CLANG_WARN_COMMA = YES;
				CLANG_WARN_CONSTANT_CONVERSION = YES;
				CLANG_WARN_DEPRECATED_OBJC_IMPLEMENTATIONS = YES;
				CLANG_WARN_DIRECT_OBJC_ISA_USAGE = YES_ERROR;
				CLANG_WARN_DOCUMENTATION_COMMENTS = YES;
				CLANG_WARN_EMPTY_BODY = YES;
				CLANG_WARN_ENUM_CONVERSION = YES;
				CLANG_WARN_INFINITE_RECURSION = YES;
				CLANG_WARN_INT_CONVERSION = YES;
				CLANG_WARN_NON_LITERAL_NULL_CONVERSION = YES;
				CLANG_WARN_OBJC_IMPLICIT_RETAIN_SELF = YES;
				CLANG_WARN_OBJC_LITERAL_CONVERSION = YES;
				CLANG_WARN_OBJC_ROOT_CLASS = YES_ERROR;
				CLANG_WARN_QUOTED_INCLUDE_IN_FRAMEWORK_HEADER = YES;
				CLANG_WARN_RANGE_LOOP_ANALYSIS = YES;
				CLANG_WARN_STRICT_PROTOTYPES = YES;
				CLANG_WARN_SUSPICIOUS_MOVE = YES;
				CLANG_WARN_UNGUARDED_AVAILABILITY = YES_AGGRESSIVE;
				CLANG_WARN_UNREACHABLE_CODE = YES;
				CLANG_WARN__DUPLICATE_METHOD_MATCH = YES;
				COPY_PHASE_STRIP = NO;
				DEBUG_INFORMATION_FORMAT = "dwarf-with-dsym";
				ENABLE_NS_ASSERTIONS = NO;
				ENABLE_STRICT_OBJC_MSGSEND = YES;
				GCC_C_LANGUAGE_STANDARD = gnu11;
				GCC_NO_COMMON_BLOCKS = YES;
				GCC_WARN_64_TO_32_BIT_CONVERSION = YES;
				GCC_WARN_ABOUT_RETURN_TYPE = YES_ERROR;
				GCC_WARN_UNDECLARED_SELECTOR = YES;
				GCC_WARN_UNINITIALIZED_AUTOS = YES_AGGRESSIVE;
				GCC_WARN_UNUSED_FUNCTION = YES;
				GCC_WARN_UNUSED_VARIABLE = YES;
				IPHONEOS_DEPLOYMENT_TARGET = 15.2;
				MTL_ENABLE_DEBUG_INFO = NO;
				MTL_FAST_MATH = YES;
				SDKROOT = iphoneos;
				SWIFT_COMPILATION_MODE = wholemodule;
				SWIFT_OPTIMIZATION_LEVEL = "-O";
				VALIDATE_PRODUCT = YES;
			};
			name = Release;
		};
		379C1FF328647BB400E8CF37 /* Debug */ = {
			isa = XCBuildConfiguration;
			buildSettings = {
				ASSETCATALOG_COMPILER_APPICON_NAME = AppIcon;
				ASSETCATALOG_COMPILER_GLOBAL_ACCENT_COLOR_NAME = AccentColor;
				CODE_SIGN_STYLE = Automatic;
				CURRENT_PROJECT_VERSION = 1;
				DEVELOPMENT_TEAM = DFS9QCW87X;
				GENERATE_INFOPLIST_FILE = YES;
				INFOPLIST_FILE = TakeNote/Info.plist;
				INFOPLIST_KEY_UIApplicationSupportsIndirectInputEvents = YES;
				INFOPLIST_KEY_UILaunchStoryboardName = LaunchScreen;
				INFOPLIST_KEY_UIMainStoryboardFile = Main;
				INFOPLIST_KEY_UISupportedInterfaceOrientations_iPad = "UIInterfaceOrientationPortrait UIInterfaceOrientationPortraitUpsideDown UIInterfaceOrientationLandscapeLeft UIInterfaceOrientationLandscapeRight";
				INFOPLIST_KEY_UISupportedInterfaceOrientations_iPhone = "UIInterfaceOrientationPortrait UIInterfaceOrientationLandscapeLeft UIInterfaceOrientationLandscapeRight";
				IPHONEOS_DEPLOYMENT_TARGET = 12.0;
				LD_RUNPATH_SEARCH_PATHS = (
					"$(inherited)",
					"@executable_path/Frameworks",
				);
				MARKETING_VERSION = 1.0;
				PRODUCT_BUNDLE_IDENTIFIER = com.eurofins.TakeNote;
				PRODUCT_NAME = "$(TARGET_NAME)";
				SWIFT_EMIT_LOC_STRINGS = YES;
				SWIFT_VERSION = 5.0;
				TARGETED_DEVICE_FAMILY = "1,2";
			};
			name = Debug;
		};
		379C1FF428647BB400E8CF37 /* Release */ = {
			isa = XCBuildConfiguration;
			buildSettings = {
				ASSETCATALOG_COMPILER_APPICON_NAME = AppIcon;
				ASSETCATALOG_COMPILER_GLOBAL_ACCENT_COLOR_NAME = AccentColor;
				CODE_SIGN_STYLE = Automatic;
				CURRENT_PROJECT_VERSION = 1;
				DEVELOPMENT_TEAM = DFS9QCW87X;
				GENERATE_INFOPLIST_FILE = YES;
				INFOPLIST_FILE = TakeNote/Info.plist;
				INFOPLIST_KEY_UIApplicationSupportsIndirectInputEvents = YES;
				INFOPLIST_KEY_UILaunchStoryboardName = LaunchScreen;
				INFOPLIST_KEY_UIMainStoryboardFile = Main;
				INFOPLIST_KEY_UISupportedInterfaceOrientations_iPad = "UIInterfaceOrientationPortrait UIInterfaceOrientationPortraitUpsideDown UIInterfaceOrientationLandscapeLeft UIInterfaceOrientationLandscapeRight";
				INFOPLIST_KEY_UISupportedInterfaceOrientations_iPhone = "UIInterfaceOrientationPortrait UIInterfaceOrientationLandscapeLeft UIInterfaceOrientationLandscapeRight";
				IPHONEOS_DEPLOYMENT_TARGET = 12.0;
				LD_RUNPATH_SEARCH_PATHS = (
					"$(inherited)",
					"@executable_path/Frameworks",
				);
				MARKETING_VERSION = 1.0;
				PRODUCT_BUNDLE_IDENTIFIER = com.eurofins.TakeNote;
				PRODUCT_NAME = "$(TARGET_NAME)";
				SWIFT_EMIT_LOC_STRINGS = YES;
				SWIFT_VERSION = 5.0;
				TARGETED_DEVICE_FAMILY = "1,2";
			};
			name = Release;
		};
		379C1FF628647BB400E8CF37 /* Debug */ = {
			isa = XCBuildConfiguration;
			buildSettings = {
				ALWAYS_EMBED_SWIFT_STANDARD_LIBRARIES = YES;
				BUNDLE_LOADER = "$(TEST_HOST)";
				CODE_SIGN_STYLE = Automatic;
				CURRENT_PROJECT_VERSION = 1;
				DEVELOPMENT_TEAM = DFS9QCW87X;
				GENERATE_INFOPLIST_FILE = YES;
				IPHONEOS_DEPLOYMENT_TARGET = 15.2;
				MARKETING_VERSION = 1.0;
				PRODUCT_BUNDLE_IDENTIFIER = com.eurofins.TakeNoteTests;
				PRODUCT_NAME = "$(TARGET_NAME)";
				SWIFT_EMIT_LOC_STRINGS = NO;
				SWIFT_VERSION = 5.0;
				TARGETED_DEVICE_FAMILY = "1,2";
				TEST_HOST = "$(BUILT_PRODUCTS_DIR)/TakeNote.app/TakeNote";
			};
			name = Debug;
		};
		379C1FF728647BB400E8CF37 /* Release */ = {
			isa = XCBuildConfiguration;
			buildSettings = {
				ALWAYS_EMBED_SWIFT_STANDARD_LIBRARIES = YES;
				BUNDLE_LOADER = "$(TEST_HOST)";
				CODE_SIGN_STYLE = Automatic;
				CURRENT_PROJECT_VERSION = 1;
				DEVELOPMENT_TEAM = DFS9QCW87X;
				GENERATE_INFOPLIST_FILE = YES;
				IPHONEOS_DEPLOYMENT_TARGET = 15.2;
				MARKETING_VERSION = 1.0;
				PRODUCT_BUNDLE_IDENTIFIER = com.eurofins.TakeNoteTests;
				PRODUCT_NAME = "$(TARGET_NAME)";
				SWIFT_EMIT_LOC_STRINGS = NO;
				SWIFT_VERSION = 5.0;
				TARGETED_DEVICE_FAMILY = "1,2";
				TEST_HOST = "$(BUILT_PRODUCTS_DIR)/TakeNote.app/TakeNote";
			};
			name = Release;
		};
		379C1FF928647BB400E8CF37 /* Debug */ = {
			isa = XCBuildConfiguration;
			buildSettings = {
				ALWAYS_EMBED_SWIFT_STANDARD_LIBRARIES = YES;
				CODE_SIGN_STYLE = Automatic;
				CURRENT_PROJECT_VERSION = 1;
				DEVELOPMENT_TEAM = DFS9QCW87X;
				GENERATE_INFOPLIST_FILE = YES;
				MARKETING_VERSION = 1.0;
				PRODUCT_BUNDLE_IDENTIFIER = com.eurofins.TakeNoteUITests;
				PRODUCT_NAME = "$(TARGET_NAME)";
				SWIFT_EMIT_LOC_STRINGS = NO;
				SWIFT_VERSION = 5.0;
				TARGETED_DEVICE_FAMILY = "1,2";
				TEST_TARGET_NAME = TakeNote;
			};
			name = Debug;
		};
		379C1FFA28647BB400E8CF37 /* Release */ = {
			isa = XCBuildConfiguration;
			buildSettings = {
				ALWAYS_EMBED_SWIFT_STANDARD_LIBRARIES = YES;
				CODE_SIGN_STYLE = Automatic;
				CURRENT_PROJECT_VERSION = 1;
				DEVELOPMENT_TEAM = DFS9QCW87X;
				GENERATE_INFOPLIST_FILE = YES;
				MARKETING_VERSION = 1.0;
				PRODUCT_BUNDLE_IDENTIFIER = com.eurofins.TakeNoteUITests;
				PRODUCT_NAME = "$(TARGET_NAME)";
				SWIFT_EMIT_LOC_STRINGS = NO;
				SWIFT_VERSION = 5.0;
				TARGETED_DEVICE_FAMILY = "1,2";
				TEST_TARGET_NAME = TakeNote;
			};
			name = Release;
		};
/* End XCBuildConfiguration section */

/* Begin XCConfigurationList section */
		379C1FC028647BB200E8CF37 /* Build configuration list for PBXProject "TakeNote" */ = {
			isa = XCConfigurationList;
			buildConfigurations = (
				379C1FF028647BB400E8CF37 /* Debug */,
				379C1FF128647BB400E8CF37 /* Release */,
			);
			defaultConfigurationIsVisible = 0;
			defaultConfigurationName = Release;
		};
		379C1FF228647BB400E8CF37 /* Build configuration list for PBXNativeTarget "TakeNote" */ = {
			isa = XCConfigurationList;
			buildConfigurations = (
				379C1FF328647BB400E8CF37 /* Debug */,
				379C1FF428647BB400E8CF37 /* Release */,
			);
			defaultConfigurationIsVisible = 0;
			defaultConfigurationName = Release;
		};
		379C1FF528647BB400E8CF37 /* Build configuration list for PBXNativeTarget "TakeNoteTests" */ = {
			isa = XCConfigurationList;
			buildConfigurations = (
				379C1FF628647BB400E8CF37 /* Debug */,
				379C1FF728647BB400E8CF37 /* Release */,
			);
			defaultConfigurationIsVisible = 0;
			defaultConfigurationName = Release;
		};
		379C1FF828647BB400E8CF37 /* Build configuration list for PBXNativeTarget "TakeNoteUITests" */ = {
			isa = XCConfigurationList;
			buildConfigurations = (
				379C1FF928647BB400E8CF37 /* Debug */,
				379C1FFA28647BB400E8CF37 /* Release */,
			);
			defaultConfigurationIsVisible = 0;
			defaultConfigurationName = Release;
		};
/* End XCConfigurationList section */

/* Begin XCVersionGroup section */
		379C1FD128647BB200E8CF37 /* TakeNote.xcdatamodeld */ = {
			isa = XCVersionGroup;
			children = (
				379C1FD228647BB200E8CF37 /* TakeNote.xcdatamodel */,
			);
			currentVersion = 379C1FD228647BB200E8CF37 /* TakeNote.xcdatamodel */;
			path = TakeNote.xcdatamodeld;
			sourceTree = "<group>";
			versionGroupType = wrapper.xcdatamodel;
		};
/* End XCVersionGroup section */
	};
	rootObject = 379C1FBD28647BB200E8CF37 /* Project object */;
}
